
Microsoft Visual Studio Solution File, Format Version 12.00
# Visual Studio 15
VisualStudioVersion = 15.0.27130.2036
MinimumVisualStudioVersion = 10.0.40219.1
Project("{888888A0-9F3D-457C-B088-3A5042F75D52}") = "DjangoWebProjectVS2017", "DjangoWebProjectVS2017\DjangoWebProjectVS2017.pyproj", "{31A5FEA1-C866-4961-893C-F74422081DEC}"
EndProject
Global
	GlobalSection(SolutionConfigurationPlatforms) = preSolution
		Debug|Any CPU = Debug|Any CPU
		Release|Any CPU = Release|Any CPU
	EndGlobalSection
	GlobalSection(ProjectConfigurationPlatforms) = postSolution
		{31A5FEA1-C866-4961-893C-F74422081DEC}.Debug|Any CPU.ActiveCfg = Debug|Any CPU
		{31A5FEA1-C866-4961-893C-F74422081DEC}.Debug|Any CPU.Build.0 = Debug|Any CPU
		{31A5FEA1-C866-4961-893C-F74422081DEC}.Release|Any CPU.ActiveCfg = Release|Any CPU
		{31A5FEA1-C866-4961-893C-F74422081DEC}.Release|Any CPU.Build.0 = Release|Any CPU
	EndGlobalSection
	GlobalSection(SolutionProperties) = preSolution
		HideSolutionNode = FALSE
	EndGlobalSection
	GlobalSection(ExtensibilityGlobals) = postSolution
		SolutionGuid = {801D2411-3503-40E8-9A92-17D912B38269}
	EndGlobalSection
EndGlobal
